
Microsoft Visual Studio Solution File, Format Version 12.00
# Visual Studio Version 16
VisualStudioVersion = 16.0.29709.97
MinimumVisualStudioVersion = 10.0.40219.1
Project("{FAE04EC0-301F-11D3-BF4B-00C04F79EFBC}") = "Assignment-One", "Assignment-One\Assignment-One.csproj", "{BFFE16C0-D3E0-4F2F-BB45-AC7234420D04}"
EndProject
Global
	GlobalSection(SolutionConfigurationPlatforms) = preSolution
		Debug|Any CPU = Debug|Any CPU
		Release|Any CPU = Release|Any CPU
	EndGlobalSection
	GlobalSection(ProjectConfigurationPlatforms) = postSolution
		{BFFE16C0-D3E0-4F2F-BB45-AC7234420D04}.Debug|Any CPU.ActiveCfg = Debug|Any CPU
		{BFFE16C0-D3E0-4F2F-BB45-AC7234420D04}.Debug|Any CPU.Build.0 = Debug|Any CPU
		{BFFE16C0-D3E0-4F2F-BB45-AC7234420D04}.Release|Any CPU.ActiveCfg = Release|Any CPU
		{BFFE16C0-D3E0-4F2F-BB45-AC7234420D04}.Release|Any CPU.Build.0 = Release|Any CPU
	EndGlobalSection
	GlobalSection(SolutionProperties) = preSolution
		HideSolutionNode = FALSE
	EndGlobalSection
	GlobalSection(ExtensibilityGlobals) = postSolution
		SolutionGuid = {3D0550ED-C9FE-47AC-BFA9-1459148030BE}
	EndGlobalSection
EndGlobal
